
Microsoft Visual Studio Solution File, Format Version 12.00
# Visual Studio Version 17
VisualStudioVersion = 17.3.32922.545
MinimumVisualStudioVersion = 10.0.40219.1
Project("{FAE04EC0-301F-11D3-BF4B-00C04F79EFBC}") = "ElsaCore2.11Example", "ElsaCore2.11Example.csproj", "{90C83A92-2605-4202-B591-7E138C17D9A2}"
EndProject
Global
	GlobalSection(SolutionConfigurationPlatforms) = preSolution
		Debug|Any CPU = Debug|Any CPU
		Release|Any CPU = Release|Any CPU
	EndGlobalSection
	GlobalSection(ProjectConfigurationPlatforms) = postSolution
		{90C83A92-2605-4202-B591-7E138C17D9A2}.Debug|Any CPU.ActiveCfg = Debug|Any CPU
		{90C83A92-2605-4202-B591-7E138C17D9A2}.Debug|Any CPU.Build.0 = Debug|Any CPU
		{90C83A92-2605-4202-B591-7E138C17D9A2}.Release|Any CPU.ActiveCfg = Release|Any CPU
		{90C83A92-2605-4202-B591-7E138C17D9A2}.Release|Any CPU.Build.0 = Release|Any CPU
	EndGlobalSection
	GlobalSection(SolutionProperties) = preSolution
		HideSolutionNode = FALSE
	EndGlobalSection
	GlobalSection(ExtensibilityGlobals) = postSolution
		SolutionGuid = {7F45C6CF-2DB8-4B33-B58C-4A6AC72E434A}
	EndGlobalSection
EndGlobal
